
Microsoft Visual Studio Solution File, Format Version 12.00
# Visual Studio 2013
VisualStudioVersion = 12.0.30723.0
MinimumVisualStudioVersion = 10.0.40219.1
Project("{FAE04EC0-301F-11D3-BF4B-00C04F79EFBC}") = "JsonServiceRequest", "JsonServiceRequest\JsonServiceRequest.csproj", "{B26321B6-CE6A-423F-8693-B11067B6E8BB}"
EndProject
Project("{FAE04EC0-301F-11D3-BF4B-00C04F79EFBC}") = "DeliveryManagement", "DeliveryManagement\DeliveryManagement.csproj", "{8DB8990C-67BC-4894-AE43-06EDAEB75FDB}"
EndProject
Project("{FAE04EC0-301F-11D3-BF4B-00C04F79EFBC}") = "DeliveryManagement.Test", "DeliveryManagement.Test\DeliveryManagement.Test.csproj", "{C8EC14FC-9915-407A-BAE6-9448C20D1474}"
EndProject
Global
	GlobalSection(SolutionConfigurationPlatforms) = preSolution
		Debug|Any CPU = Debug|Any CPU
		Release|Any CPU = Release|Any CPU
	EndGlobalSection
	GlobalSection(ProjectConfigurationPlatforms) = postSolution
		{B26321B6-CE6A-423F-8693-B11067B6E8BB}.Debug|Any CPU.ActiveCfg = Debug|Any CPU
		{B26321B6-CE6A-423F-8693-B11067B6E8BB}.Debug|Any CPU.Build.0 = Debug|Any CPU
		{B26321B6-CE6A-423F-8693-B11067B6E8BB}.Release|Any CPU.ActiveCfg = Release|Any CPU
		{B26321B6-CE6A-423F-8693-B11067B6E8BB}.Release|Any CPU.Build.0 = Release|Any CPU
		{8DB8990C-67BC-4894-AE43-06EDAEB75FDB}.Debug|Any CPU.ActiveCfg = Debug|Any CPU
		{8DB8990C-67BC-4894-AE43-06EDAEB75FDB}.Debug|Any CPU.Build.0 = Debug|Any CPU
		{8DB8990C-67BC-4894-AE43-06EDAEB75FDB}.Release|Any CPU.ActiveCfg = Release|Any CPU
		{8DB8990C-67BC-4894-AE43-06EDAEB75FDB}.Release|Any CPU.Build.0 = Release|Any CPU
		{C8EC14FC-9915-407A-BAE6-9448C20D1474}.Debug|Any CPU.ActiveCfg = Debug|Any CPU
		{C8EC14FC-9915-407A-BAE6-9448C20D1474}.Debug|Any CPU.Build.0 = Debug|Any CPU
		{C8EC14FC-9915-407A-BAE6-9448C20D1474}.Release|Any CPU.ActiveCfg = Release|Any CPU
		{C8EC14FC-9915-407A-BAE6-9448C20D1474}.Release|Any CPU.Build.0 = Release|Any CPU
	EndGlobalSection
	GlobalSection(SolutionProperties) = preSolution
		HideSolutionNode = FALSE
	EndGlobalSection
EndGlobal
